
Microsoft Visual Studio Solution File, Format Version 12.00
# Visual Studio Version 17
VisualStudioVersion = 17.9.34728.123
MinimumVisualStudioVersion = 10.0.40219.1
Project("{FAE04EC0-301F-11D3-BF4B-00C04F79EFBC}") = "Console 7", "Console 7\Console 7.csproj", "{35392F68-FA7A-4D96-B2B3-014E9034055E}"
EndProject
Global
	GlobalSection(SolutionConfigurationPlatforms) = preSolution
		Debug|Any CPU = Debug|Any CPU
		Release|Any CPU = Release|Any CPU
	EndGlobalSection
	GlobalSection(ProjectConfigurationPlatforms) = postSolution
		{35392F68-FA7A-4D96-B2B3-014E9034055E}.Debug|Any CPU.ActiveCfg = Debug|Any CPU
		{35392F68-FA7A-4D96-B2B3-014E9034055E}.Debug|Any CPU.Build.0 = Debug|Any CPU
		{35392F68-FA7A-4D96-B2B3-014E9034055E}.Release|Any CPU.ActiveCfg = Release|Any CPU
		{35392F68-FA7A-4D96-B2B3-014E9034055E}.Release|Any CPU.Build.0 = Release|Any CPU
	EndGlobalSection
	GlobalSection(SolutionProperties) = preSolution
		HideSolutionNode = FALSE
	EndGlobalSection
	GlobalSection(ExtensibilityGlobals) = postSolution
		SolutionGuid = {BAB5214C-9E71-4F1D-8023-744A5A2FC555}
	EndGlobalSection
EndGlobal
