
Microsoft Visual Studio Solution File, Format Version 12.00
# Visual Studio Version 17
VisualStudioVersion = 17.9.34728.123
MinimumVisualStudioVersion = 10.0.40219.1
Project("{FAE04EC0-301F-11D3-BF4B-00C04F79EFBC}") = "Console 3", "Console 3\Console 3.csproj", "{D66CF601-9642-47AE-81C0-D4480ADEF63D}"
EndProject
Global
	GlobalSection(SolutionConfigurationPlatforms) = preSolution
		Debug|Any CPU = Debug|Any CPU
		Release|Any CPU = Release|Any CPU
	EndGlobalSection
	GlobalSection(ProjectConfigurationPlatforms) = postSolution
		{D66CF601-9642-47AE-81C0-D4480ADEF63D}.Debug|Any CPU.ActiveCfg = Debug|Any CPU
		{D66CF601-9642-47AE-81C0-D4480ADEF63D}.Debug|Any CPU.Build.0 = Debug|Any CPU
		{D66CF601-9642-47AE-81C0-D4480ADEF63D}.Release|Any CPU.ActiveCfg = Release|Any CPU
		{D66CF601-9642-47AE-81C0-D4480ADEF63D}.Release|Any CPU.Build.0 = Release|Any CPU
	EndGlobalSection
	GlobalSection(SolutionProperties) = preSolution
		HideSolutionNode = FALSE
	EndGlobalSection
	GlobalSection(ExtensibilityGlobals) = postSolution
		SolutionGuid = {FCB13D1A-1949-4982-BA9D-933A3AC4EE26}
	EndGlobalSection
EndGlobal
