
Microsoft Visual Studio Solution File, Format Version 12.00
# Visual Studio Version 17
VisualStudioVersion = 17.6.33829.357
MinimumVisualStudioVersion = 10.0.40219.1
Project("{FAE04EC0-301F-11D3-BF4B-00C04F79EFBC}") = "ConsoleApp5", "ConsoleApp5\ConsoleApp5.csproj", "{A3EC7C2B-A972-4500-976D-FC70AD1BB985}"
EndProject
Global
	GlobalSection(SolutionConfigurationPlatforms) = preSolution
		Debug|Any CPU = Debug|Any CPU
		Release|Any CPU = Release|Any CPU
	EndGlobalSection
	GlobalSection(ProjectConfigurationPlatforms) = postSolution
		{A3EC7C2B-A972-4500-976D-FC70AD1BB985}.Debug|Any CPU.ActiveCfg = Debug|Any CPU
		{A3EC7C2B-A972-4500-976D-FC70AD1BB985}.Debug|Any CPU.Build.0 = Debug|Any CPU
		{A3EC7C2B-A972-4500-976D-FC70AD1BB985}.Release|Any CPU.ActiveCfg = Release|Any CPU
		{A3EC7C2B-A972-4500-976D-FC70AD1BB985}.Release|Any CPU.Build.0 = Release|Any CPU
	EndGlobalSection
	GlobalSection(SolutionProperties) = preSolution
		HideSolutionNode = FALSE
	EndGlobalSection
	GlobalSection(ExtensibilityGlobals) = postSolution
		SolutionGuid = {359148AE-3A08-40CF-A84A-859AB8685BB2}
	EndGlobalSection
EndGlobal
